PODS:
  - EEEInjector (0.2.0)
  - EEEOperationCenter (0.2.0):
    - EEEInjector (~> 0.2)
  - Kiwi/ARC (2.2.4)
  - Kiwi/NonARC (2.2.4)
  - Kiwi/XCTest (2.2.4):
    - Kiwi/ARC
    - Kiwi/NonARC

DEPENDENCIES:
  - EEEOperationCenter (from `../`)
  - Kiwi/XCTest

EXTERNAL SOURCES:
  EEEOperationCenter:
    :path: ../

SPEC CHECKSUMS:
  EEEInjector: ccfe65b4ee577c6bd650f8d74ae0c29fe1254053
  EEEOperationCenter: 55968be6129ed3a755087009095a1f65fea19f85
  Kiwi: d60d7498b640a16f58b01925fc3c8d7c4d809f66

COCOAPODS: 0.32.1
